// !$*UTF8*$!
{
	archiveVersion = 1;
	classes = {
	};
	objectVersion = 46;
	objects = {

/* Begin PBXBuildFile section */
		AB5807BE1F1EEA7600F58518 /* AppDelegate.swift in Sources */ = {isa = PBXBuildFile; fileRef = AB5807BD1F1EEA7600F58518 /* AppDelegate.swift */; };
		AB5807C01F1EEA7600F58518 /* ViewController.swift in Sources */ = {isa = PBXBuildFile; fileRef = AB5807BF1F1EEA7600F58518 /* ViewController.swift */; };
		AB5807C31F1EEA7600F58518 /* Main.storyboard in Resources */ = {isa = PBXBuildFile; fileRef = AB5807C11F1EEA7600F58518 /* Main.storyboard */; };
		AB5807C51F1EEA7700F58518 /* Assets.xcassets in Resources */ = {isa = PBXBuildFile; fileRef = AB5807C41F1EEA7700F58518 /* Assets.xcassets */; };
		AB5807C81F1EEA7700F58518 /* LaunchScreen.storyboard in Resources */ = {isa = PBXBuildFile; fileRef = AB5807C61F1EEA7700F58518 /* LaunchScreen.storyboard */; };
/* End PBXBuildFile section */

/* Begin PBXFileReference section */
		AB5807BA1F1EEA7600F58518 /* timeattack.app */ = {isa = PBXFileReference; explicitFileType = wrapper.application; includeInIndex = 0; path = timeattack.app; sourceTree = BUILT_PRODUCTS_DIR; };
		AB5807BD1F1EEA7600F58518 /* AppDelegate.swift */ = {isa = PBXFileReference; lastKnownFileType = sourcecode.swift; path = AppDelegate.swift; sourceTree = "<group>"; };
		AB5807BF1F1EEA7600F58518 /* ViewController.swift */ = {isa = PBXFileReference; lastKnownFileType = sourcecode.swift; path = ViewController.swift; sourceTree = "<group>"; };
		AB5807C21F1EEA7600F58518 /* Base */ = {isa = PBXFileReference; lastKnownFileType = file.storyboard; name = Base; path = Base.lproj/Main.storyboard; sourceTree = "<group>"; };
		AB5807C41F1EEA7700F58518 /* Assets.xcassets */ = {isa = PBXFileReference; lastKnownFileType = folder.assetcatalog; path = Assets.xcassets; sourceTree = "<group>"; };
		AB5807C71F1EEA7700F58518 /* Base */ = {isa = PBXFileReference; lastKnownFileType = file.storyboard; name = Base; path = Base.lproj/LaunchScreen.storyboard; sourceTree = "<group>"; };
		AB5807C91F1EEA7700F58518 /* Info.plist */ = {isa = PBXFileReference; lastKnownFileType = text.plist.xml; path = Info.plist; sourceTree = "<group>"; };
/* End PBXFileReference section */

/* Begin PBXFrameworksBuildPhase section */
		AB5807B71F1EEA7600F58518 /* Frameworks */ = {
			isa = PBXFrameworksBuildPhase;
			buildActionMask = 2147483647;
			files = (
			);
			runOnlyForDeploymentPostprocessing = 0;
		};
/* End PBXFrameworksBuildPhase section */

/* Begin PBXGroup section */
		AB5807B11F1EEA7600F58518 = {
			isa = PBXGroup;
			children = (
				AB5807BC1F1EEA7600F58518 /* timeattack */,
				AB5807BB1F1EEA7600F58518 /* Products */,
			);
			sourceTree = "<group>";
		};
		AB5807BB1F1EEA7600F58518 /* Products */ = {
			isa = PBXGroup;
			children = (
				AB5807BA1F1EEA7600F58518 /* timeattack.app */,
			);
			name = Products;
			sourceTree = "<group>";
		};
		AB5807BC1F1EEA7600F58518 /* timeattack */ = {
			isa = PBXGroup;
			children = (
				AB5807BD1F1EEA7600F58518 /* AppDelegate.swift */,
				AB5807BF1F1EEA7600F58518 /* ViewController.swift */,
				AB5807C11F1EEA7600F58518 /* Main.storyboard */,
				AB5807C41F1EEA7700F58518 /* Assets.xcassets */,
				AB5807C61F1EEA7700F58518 /* LaunchScreen.storyboard */,
				AB5807C91F1EEA7700F58518 /* Info.plist */,
			);
			path = timeattack;
			sourceTree = "<group>";
		};
/* End PBXGroup section */

/* Begin PBXNativeTarget section */
		AB5807B91F1EEA7600F58518 /* timeattack */ = {
			isa = PBXNativeTarget;
			buildConfigurationList = AB5807CC1F1EEA7700F58518 /* Build configuration list for PBXNativeTarget "timeattack" */;
			buildPhases = (
				AB5807B61F1EEA7600F58518 /* Sources */,
				AB5807B71F1EEA7600F58518 /* Frameworks */,
				AB5807B81F1EEA7600F58518 /* Resources */,
			);
			buildRules = (
			);
			dependencies = (
			);
			name = timeattack;
			productName = timeattack;
			productReference = AB5807BA1F1EEA7600F58518 /* timeattack.app */;
			productType = "com.apple.product-type.application";
		};
/* End PBXNativeTarget section */

/* Begin PBXProject section */
		AB5807B21F1EEA7600F58518 /* Project object */ = {
			isa = PBXProject;
			attributes = {
				LastSwiftUpdateCheck = 0830;
				LastUpgradeCheck = 0830;
				ORGANIZATIONNAME = nttr;
				TargetAttributes = {
					AB5807B91F1EEA7600F58518 = {
						CreatedOnToolsVersion = 8.3.3;
						ProvisioningStyle = Automatic;
					};
				};
			};
			buildConfigurationList = AB5807B51F1EEA7600F58518 /* Build configuration list for PBXProject "timeattack" */;
			compatibilityVersion = "Xcode 3.2";
			developmentRegion = English;
			hasScannedForEncodings = 0;
			knownRegions = (
				en,
				Base,
			);
			mainGroup = AB5807B11F1EEA7600F58518;
			productRefGroup = AB5807BB1F1EEA7600F58518 /* Products */;
			projectDirPath = "";
			projectRoot = "";
			targets = (
				AB5807B91F1EEA7600F58518 /* timeattack */,
			);
		};
/* End PBXProject section */

/* Begin PBXResourcesBuildPhase section */
		AB5807B81F1EEA7600F58518 /* Resources */ = {
			isa = PBXResourcesBuildPhase;
			buildActionMask = 2147483647;
			files = (
				AB5807C81F1EEA7700F58518 /* LaunchScreen.storyboard in Resources */,
				AB5807C51F1EEA7700F58518 /* Assets.xcassets in Resources */,
				AB5807C31F1EEA7600F58518 /* Main.storyboard in Resources */,
			);
			runOnlyForDeploymentPostprocessing = 0;
		};
/* End PBXResourcesBuildPhase section */

/* Begin PBXSourcesBuildPhase section */
		AB5807B61F1EEA7600F58518 /* Sources */ = {
			isa = PBXSourcesBuildPhase;
			buildActionMask = 2147483647;
			files = (
				AB5807C01F1EEA7600F58518 /* ViewController.swift in Sources */,
				AB5807BE1F1EEA7600F58518 /* AppDelegate.swift in Sources */,
			);
			runOnlyForDeploymentPostprocessing = 0;
		};
/* End PBXSourcesBuildPhase section */

/* Begin PBXVariantGroup section */
		AB5807C11F1EEA7600F58518 /* Main.storyboard */ = {
			isa = PBXVariantGroup;
			children = (
				AB5807C21F1EEA7600F58518 /* Base */,
			);
			name = Main.storyboard;
			sourceTree = "<group>";
		};
		AB5807C61F1EEA7700F58518 /* LaunchScreen.storyboard */ = {
			isa = PBXVariantGroup;
			children = (
				AB5807C71F1EEA7700F58518 /* Base */,
			);
			name = LaunchScreen.storyboard;
			sourceTree = "<group>";
		};
/* End PBXVariantGroup section */

/* Begin XCBuildConfiguration section */
		AB5807CA1F1EEA7700F58518 /* Debug */ = {
			isa = XCBuildConfiguration;
			buildSettings = {
				ALWAYS_SEARCH_USER_PATHS = NO;
				CLANG_ANALYZER_NONNULL = YES;
				CLANG_ANALYZER_NUMBER_OBJECT_CONVERSION = YES_AGGRESSIVE;
				CLANG_CXX_LANGUAGE_STANDARD = "gnu++0x";
				CLANG_CXX_LIBRARY = "libc++";
				CLANG_ENABLE_MODULES = YES;
				CLANG_ENABLE_OBJC_ARC = YES;
				CLANG_WARN_BOOL_CONVERSION = YES;
				CLANG_WARN_CONSTANT_CONVERSION = YES;
				CLANG_WARN_DIRECT_OBJC_ISA_USAGE = YES_ERROR;
				CLANG_WARN_DOCUMENTATION_COMMENTS = YES;
				CLANG_WARN_EMPTY_BODY = YES;
				CLANG_WARN_ENUM_CONVERSION = YES;
				CLANG_WARN_INFINITE_RECURSION = YES;
				CLANG_WARN_INT_CONVERSION = YES;
				CLANG_WARN_OBJC_ROOT_CLASS = YES_ERROR;
				CLANG_WARN_SUSPICIOUS_MOVE = YES;
				CLANG_WARN_UNREACHABLE_CODE = YES;
				CLANG_WARN__DUPLICATE_METHOD_MATCH = YES;
				"CODE_SIGN_IDENTITY[sdk=iphoneos*]" = "iPhone Developer";
				COPY_PHASE_STRIP = NO;
				DEBUG_INFORMATION_FORMAT = dwarf;
				ENABLE_STRICT_OBJC_MSGSEND = YES;
				ENABLE_TESTABILITY = YES;
				GCC_C_LANGUAGE_STANDARD = gnu99;
				GCC_DYNAMIC_NO_PIC = NO;
				GCC_NO_COMMON_BLOCKS = YES;
				GCC_OPTIMIZATION_LEVEL = 0;
				GCC_PREPROCESSOR_DEFINITIONS = (
					"DEBUG=1",
					"$(inherited)",
				);
				GCC_WARN_64_TO_32_BIT_CONVERSION = YES;
				GCC_WARN_ABOUT_RETURN_TYPE = YES_ERROR;
				GCC_WARN_UNDECLARED_SELECTOR = YES;
				GCC_WARN_UNINITIALIZED_AUTOS = YES_AGGRESSIVE;
				GCC_WARN_UNUSED_FUNCTION = YES;
				GCC_WARN_UNUSED_VARIABLE = YES;
				IPHONEOS_DEPLOYMENT_TARGET = 10.3;
				MTL_ENABLE_DEBUG_INFO = YES;
				ONLY_ACTIVE_ARCH = YES;
				SDKROOT = iphoneos;
				SWIFT_ACTIVE_COMPILATION_CONDITIONS = DEBUG;
				SWIFT_OPTIMIZATION_LEVEL = "-Onone";
			};
			name = Debug;
		};
		AB5807CB1F1EEA7700F58518 /* Release */ = {
			isa = XCBuildConfiguration;
			buildSettings = {
				ALWAYS_SEARCH_USER_PATHS = NO;
				CLANG_ANALYZER_NONNULL = YES;
				CLANG_ANALYZER_NUMBER_OBJECT_CONVERSION = YES_AGGRESSIVE;
				CLANG_CXX_LANGUAGE_STANDARD = "gnu++0x";
				CLANG_CXX_LIBRARY = "libc++";
				CLANG_ENABLE_MODULES = YES;
				CLANG_ENABLE_OBJC_ARC = YES;
				CLANG_WARN_BOOL_CONVERSION = YES;
				CLANG_WARN_CONSTANT_CONVERSION = YES;
				CLANG_WARN_DIRECT_OBJC_ISA_USAGE = YES_ERROR;
				CLANG_WARN_DOCUMENTATION_COMMENTS = YES;
				CLANG_WARN_EMPTY_BODY = YES;
				CLANG_WARN_ENUM_CONVERSION = YES;
				CLANG_WARN_INFINITE_RECURSION = YES;
				CLANG_WARN_INT_CONVERSION = YES;
				CLANG_WARN_OBJC_ROOT_CLASS = YES_ERROR;
				CLANG_WARN_SUSPICIOUS_MOVE = YES;
				CLANG_WARN_UNREACHABLE_CODE = YES;
				CLANG_WARN__DUPLICATE_METHOD_MATCH = YES;
				"CODE_SIGN_IDENTITY[sdk=iphoneos*]" = "iPhone Developer";
				COPY_PHASE_STRIP = NO;
				DEBUG_INFORMATION_FORMAT = "dwarf-with-dsym";
				ENABLE_NS_ASSERTIONS = NO;
				ENABLE_STRICT_OBJC_MSGSEND = YES;
				GCC_C_LANGUAGE_STANDARD = gnu99;
				GCC_NO_COMMON_BLOCKS = YES;
				GCC_WARN_64_TO_32_BIT_CONVERSION = YES;
				GCC_WARN_ABOUT_RETURN_TYPE = YES_ERROR;
				GCC_WARN_UNDECLARED_SELECTOR = YES;
				GCC_WARN_UNINITIALIZED_AUTOS = YES_AGGRESSIVE;
				GCC_WARN_UNUSED_FUNCTION = YES;
				GCC_WARN_UNUSED_VARIABLE = YES;
				IPHONEOS_DEPLOYMENT_TARGET = 10.3;
				MTL_ENABLE_DEBUG_INFO = NO;
				SDKROOT = iphoneos;
				SWIFT_OPTIMIZATION_LEVEL = "-Owholemodule";
				VALIDATE_PRODUCT = YES;
			};
			name = Release;
		};
		AB5807CD1F1EEA7700F58518 /* Debug */ = {
			isa = XCBuildConfiguration;
			buildSettings = {
				ASSETCATALOG_COMPILER_APPICON_NAME = AppIcon;
				INFOPLIST_FILE = timeattack/Info.plist;
				LD_RUNPATH_SEARCH_PATHS = "$(inherited) @executable_path/Frameworks";
				PRODUCT_BUNDLE_IDENTIFIER = okui.nttr.timeattack;
				PRODUCT_NAME = "$(TARGET_NAME)";
				SWIFT_VERSION = 3.0;
			};
			name = Debug;
		};
		AB5807CE1F1EEA7700F58518 /* Release */ = {
			isa = XCBuildConfiguration;
			buildSettings = {
				ASSETCATALOG_COMPILER_APPICON_NAME = AppIcon;
				INFOPLIST_FILE = timeattack/Info.plist;
				LD_RUNPATH_SEARCH_PATHS = "$(inherited) @executable_path/Frameworks";
				PRODUCT_BUNDLE_IDENTIFIER = okui.nttr.timeattack;
				PRODUCT_NAME = "$(TARGET_NAME)";
				SWIFT_VERSION = 3.0;
			};
			name = Release;
		};
/* End XCBuildConfiguration section */

/* Begin XCConfigurationList section */
		AB5807B51F1EEA7600F58518 /* Build configuration list for PBXProject "timeattack" */ = {
			isa = XCConfigurationList;
			buildConfigurations = (
				AB5807CA1F1EEA7700F58518 /* Debug */,
				AB5807CB1F1EEA7700F58518 /* Release */,
			);
			defaultConfigurationIsVisible = 0;
			defaultConfigurationName = Release;
		};
		AB5807CC1F1EEA7700F58518 /* Build configuration list for PBXNativeTarget "timeattack" */ = {
			isa = XCConfigurationList;
			buildConfigurations = (
				AB5807CD1F1EEA7700F58518 /* Debug */,
				AB5807CE1F1EEA7700F58518 /* Release */,
			);
			defaultConfigurationIsVisible = 0;
		};
/* End XCConfigurationList section */
	};
	rootObject = AB5807B21F1EEA7600F58518 /* Project object */;
}
