// !$*UTF8*$!
{
	archiveVersion = 1;
	classes = {
	};
	objectVersion = 46;
	objects = {

/* Begin PBXBuildFile section */
		ABC050ED1F17019D001B7A51 /* AppDelegate.swift in Sources */ = {isa = PBXBuildFile; fileRef = ABC050EC1F17019D001B7A51 /* AppDelegate.swift */; };
		ABC050EF1F17019D001B7A51 /* ViewController.swift in Sources */ = {isa = PBXBuildFile; fileRef = ABC050EE1F17019D001B7A51 /* ViewController.swift */; };
		ABC050F21F17019D001B7A51 /* Main.storyboard in Resources */ = {isa = PBXBuildFile; fileRef = ABC050F01F17019D001B7A51 /* Main.storyboard */; };
		ABC050F41F17019D001B7A51 /* Assets.xcassets in Resources */ = {isa = PBXBuildFile; fileRef = ABC050F31F17019D001B7A51 /* Assets.xcassets */; };
		ABC050F71F17019D001B7A51 /* LaunchScreen.storyboard in Resources */ = {isa = PBXBuildFile; fileRef = ABC050F51F17019D001B7A51 /* LaunchScreen.storyboard */; };
/* End PBXBuildFile section */

/* Begin PBXFileReference section */
		ABC050E91F17019D001B7A51 /* TimeAtack.app */ = {isa = PBXFileReference; explicitFileType = wrapper.application; includeInIndex = 0; path = TimeAtack.app; sourceTree = BUILT_PRODUCTS_DIR; };
		ABC050EC1F17019D001B7A51 /* AppDelegate.swift */ = {isa = PBXFileReference; lastKnownFileType = sourcecode.swift; path = AppDelegate.swift; sourceTree = "<group>"; };
		ABC050EE1F17019D001B7A51 /* ViewController.swift */ = {isa = PBXFileReference; lastKnownFileType = sourcecode.swift; path = ViewController.swift; sourceTree = "<group>"; };
		ABC050F11F17019D001B7A51 /* Base */ = {isa = PBXFileReference; lastKnownFileType = file.storyboard; name = Base; path = Base.lproj/Main.storyboard; sourceTree = "<group>"; };
		ABC050F31F17019D001B7A51 /* Assets.xcassets */ = {isa = PBXFileReference; lastKnownFileType = folder.assetcatalog; path = Assets.xcassets; sourceTree = "<group>"; };
		ABC050F61F17019D001B7A51 /* Base */ = {isa = PBXFileReference; lastKnownFileType = file.storyboard; name = Base; path = Base.lproj/LaunchScreen.storyboard; sourceTree = "<group>"; };
		ABC050F81F17019D001B7A51 /* Info.plist */ = {isa = PBXFileReference; lastKnownFileType = text.plist.xml; path = Info.plist; sourceTree = "<group>"; };
/* End PBXFileReference section */

/* Begin PBXFrameworksBuildPhase section */
		ABC050E61F17019D001B7A51 /* Frameworks */ = {
			isa = PBXFrameworksBuildPhase;
			buildActionMask = 2147483647;
			files = (
			);
			runOnlyForDeploymentPostprocessing = 0;
		};
/* End PBXFrameworksBuildPhase section */

/* Begin PBXGroup section */
		ABC050E01F17019D001B7A51 = {
			isa = PBXGroup;
			children = (
				ABC050EB1F17019D001B7A51 /* TimeAtack */,
				ABC050EA1F17019D001B7A51 /* Products */,
			);
			sourceTree = "<group>";
		};
		ABC050EA1F17019D001B7A51 /* Products */ = {
			isa = PBXGroup;
			children = (
				ABC050E91F17019D001B7A51 /* TimeAtack.app */,
			);
			name = Products;
			sourceTree = "<group>";
		};
		ABC050EB1F17019D001B7A51 /* TimeAtack */ = {
			isa = PBXGroup;
			children = (
				ABC050EC1F17019D001B7A51 /* AppDelegate.swift */,
				ABC050EE1F17019D001B7A51 /* ViewController.swift */,
				ABC050F01F17019D001B7A51 /* Main.storyboard */,
				ABC050F31F17019D001B7A51 /* Assets.xcassets */,
				ABC050F51F17019D001B7A51 /* LaunchScreen.storyboard */,
				ABC050F81F17019D001B7A51 /* Info.plist */,
			);
			path = TimeAtack;
			sourceTree = "<group>";
		};
/* End PBXGroup section */

/* Begin PBXNativeTarget section */
		ABC050E81F17019D001B7A51 /* TimeAtack */ = {
			isa = PBXNativeTarget;
			buildConfigurationList = ABC050FB1F17019D001B7A51 /* Build configuration list for PBXNativeTarget "TimeAtack" */;
			buildPhases = (
				ABC050E51F17019D001B7A51 /* Sources */,
				ABC050E61F17019D001B7A51 /* Frameworks */,
				ABC050E71F17019D001B7A51 /* Resources */,
			);
			buildRules = (
			);
			dependencies = (
			);
			name = TimeAtack;
			productName = TimeAtack;
			productReference = ABC050E91F17019D001B7A51 /* TimeAtack.app */;
			productType = "com.apple.product-type.application";
		};
/* End PBXNativeTarget section */

/* Begin PBXProject section */
		ABC050E11F17019D001B7A51 /* Project object */ = {
			isa = PBXProject;
			attributes = {
				LastSwiftUpdateCheck = 0830;
				LastUpgradeCheck = 0830;
				ORGANIZATIONNAME = nttr;
				TargetAttributes = {
					ABC050E81F17019D001B7A51 = {
						CreatedOnToolsVersion = 8.3.3;
						ProvisioningStyle = Automatic;
					};
				};
			};
			buildConfigurationList = ABC050E41F17019D001B7A51 /* Build configuration list for PBXProject "TimeAtack" */;
			compatibilityVersion = "Xcode 3.2";
			developmentRegion = English;
			hasScannedForEncodings = 0;
			knownRegions = (
				en,
				Base,
			);
			mainGroup = ABC050E01F17019D001B7A51;
			productRefGroup = ABC050EA1F17019D001B7A51 /* Products */;
			projectDirPath = "";
			projectRoot = "";
			targets = (
				ABC050E81F17019D001B7A51 /* TimeAtack */,
			);
		};
/* End PBXProject section */

/* Begin PBXResourcesBuildPhase section */
		ABC050E71F17019D001B7A51 /* Resources */ = {
			isa = PBXResourcesBuildPhase;
			buildActionMask = 2147483647;
			files = (
				ABC050F71F17019D001B7A51 /* LaunchScreen.storyboard in Resources */,
				ABC050F41F17019D001B7A51 /* Assets.xcassets in Resources */,
				ABC050F21F17019D001B7A51 /* Main.storyboard in Resources */,
			);
			runOnlyForDeploymentPostprocessing = 0;
		};
/* End PBXResourcesBuildPhase section */

/* Begin PBXSourcesBuildPhase section */
		ABC050E51F17019D001B7A51 /* Sources */ = {
			isa = PBXSourcesBuildPhase;
			buildActionMask = 2147483647;
			files = (
				ABC050EF1F17019D001B7A51 /* ViewController.swift in Sources */,
				ABC050ED1F17019D001B7A51 /* AppDelegate.swift in Sources */,
			);
			runOnlyForDeploymentPostprocessing = 0;
		};
/* End PBXSourcesBuildPhase section */

/* Begin PBXVariantGroup section */
		ABC050F01F17019D001B7A51 /* Main.storyboard */ = {
			isa = PBXVariantGroup;
			children = (
				ABC050F11F17019D001B7A51 /* Base */,
			);
			name = Main.storyboard;
			sourceTree = "<group>";
		};
		ABC050F51F17019D001B7A51 /* LaunchScreen.storyboard */ = {
			isa = PBXVariantGroup;
			children = (
				ABC050F61F17019D001B7A51 /* Base */,
			);
			name = LaunchScreen.storyboard;
			sourceTree = "<group>";
		};
/* End PBXVariantGroup section */

/* Begin XCBuildConfiguration section */
		ABC050F91F17019D001B7A51 /* Debug */ = {
			isa = XCBuildConfiguration;
			buildSettings = {
				ALWAYS_SEARCH_USER_PATHS = NO;
				CLANG_ANALYZER_NONNULL = YES;
				CLANG_ANALYZER_NUMBER_OBJECT_CONVERSION = YES_AGGRESSIVE;
				CLANG_CXX_LANGUAGE_STANDARD = "gnu++0x";
				CLANG_CXX_LIBRARY = "libc++";
				CLANG_ENABLE_MODULES = YES;
				CLANG_ENABLE_OBJC_ARC = YES;
				CLANG_WARN_BOOL_CONVERSION = YES;
				CLANG_WARN_CONSTANT_CONVERSION = YES;
				CLANG_WARN_DIRECT_OBJC_ISA_USAGE = YES_ERROR;
				CLANG_WARN_DOCUMENTATION_COMMENTS = YES;
				CLANG_WARN_EMPTY_BODY = YES;
				CLANG_WARN_ENUM_CONVERSION = YES;
				CLANG_WARN_INFINITE_RECURSION = YES;
				CLANG_WARN_INT_CONVERSION = YES;
				CLANG_WARN_OBJC_ROOT_CLASS = YES_ERROR;
				CLANG_WARN_SUSPICIOUS_MOVE = YES;
				CLANG_WARN_UNREACHABLE_CODE = YES;
				CLANG_WARN__DUPLICATE_METHOD_MATCH = YES;
				"CODE_SIGN_IDENTITY[sdk=iphoneos*]" = "iPhone Developer";
				COPY_PHASE_STRIP = NO;
				DEBUG_INFORMATION_FORMAT = dwarf;
				ENABLE_STRICT_OBJC_MSGSEND = YES;
				ENABLE_TESTABILITY = YES;
				GCC_C_LANGUAGE_STANDARD = gnu99;
				GCC_DYNAMIC_NO_PIC = NO;
				GCC_NO_COMMON_BLOCKS = YES;
				GCC_OPTIMIZATION_LEVEL = 0;
				GCC_PREPROCESSOR_DEFINITIONS = (
					"DEBUG=1",
					"$(inherited)",
				);
				GCC_WARN_64_TO_32_BIT_CONVERSION = YES;
				GCC_WARN_ABOUT_RETURN_TYPE = YES_ERROR;
				GCC_WARN_UNDECLARED_SELECTOR = YES;
				GCC_WARN_UNINITIALIZED_AUTOS = YES_AGGRESSIVE;
				GCC_WARN_UNUSED_FUNCTION = YES;
				GCC_WARN_UNUSED_VARIABLE = YES;
				IPHONEOS_DEPLOYMENT_TARGET = 10.3;
				MTL_ENABLE_DEBUG_INFO = YES;
				ONLY_ACTIVE_ARCH = YES;
				SDKROOT = iphoneos;
				SWIFT_ACTIVE_COMPILATION_CONDITIONS = DEBUG;
				SWIFT_OPTIMIZATION_LEVEL = "-Onone";
			};
			name = Debug;
		};
		ABC050FA1F17019D001B7A51 /* Release */ = {
			isa = XCBuildConfiguration;
			buildSettings = {
				ALWAYS_SEARCH_USER_PATHS = NO;
				CLANG_ANALYZER_NONNULL = YES;
				CLANG_ANALYZER_NUMBER_OBJECT_CONVERSION = YES_AGGRESSIVE;
				CLANG_CXX_LANGUAGE_STANDARD = "gnu++0x";
				CLANG_CXX_LIBRARY = "libc++";
				CLANG_ENABLE_MODULES = YES;
				CLANG_ENABLE_OBJC_ARC = YES;
				CLANG_WARN_BOOL_CONVERSION = YES;
				CLANG_WARN_CONSTANT_CONVERSION = YES;
				CLANG_WARN_DIRECT_OBJC_ISA_USAGE = YES_ERROR;
				CLANG_WARN_DOCUMENTATION_COMMENTS = YES;
				CLANG_WARN_EMPTY_BODY = YES;
				CLANG_WARN_ENUM_CONVERSION = YES;
				CLANG_WARN_INFINITE_RECURSION = YES;
				CLANG_WARN_INT_CONVERSION = YES;
				CLANG_WARN_OBJC_ROOT_CLASS = YES_ERROR;
				CLANG_WARN_SUSPICIOUS_MOVE = YES;
				CLANG_WARN_UNREACHABLE_CODE = YES;
				CLANG_WARN__DUPLICATE_METHOD_MATCH = YES;
				"CODE_SIGN_IDENTITY[sdk=iphoneos*]" = "iPhone Developer";
				COPY_PHASE_STRIP = NO;
				DEBUG_INFORMATION_FORMAT = "dwarf-with-dsym";
				ENABLE_NS_ASSERTIONS = NO;
				ENABLE_STRICT_OBJC_MSGSEND = YES;
				GCC_C_LANGUAGE_STANDARD = gnu99;
				GCC_NO_COMMON_BLOCKS = YES;
				GCC_WARN_64_TO_32_BIT_CONVERSION = YES;
				GCC_WARN_ABOUT_RETURN_TYPE = YES_ERROR;
				GCC_WARN_UNDECLARED_SELECTOR = YES;
				GCC_WARN_UNINITIALIZED_AUTOS = YES_AGGRESSIVE;
				GCC_WARN_UNUSED_FUNCTION = YES;
				GCC_WARN_UNUSED_VARIABLE = YES;
				IPHONEOS_DEPLOYMENT_TARGET = 10.3;
				MTL_ENABLE_DEBUG_INFO = NO;
				SDKROOT = iphoneos;
				SWIFT_OPTIMIZATION_LEVEL = "-Owholemodule";
				VALIDATE_PRODUCT = YES;
			};
			name = Release;
		};
		ABC050FC1F17019D001B7A51 /* Debug */ = {
			isa = XCBuildConfiguration;
			buildSettings = {
				ASSETCATALOG_COMPILER_APPICON_NAME = AppIcon;
				INFOPLIST_FILE = TimeAtack/Info.plist;
				LD_RUNPATH_SEARCH_PATHS = "$(inherited) @executable_path/Frameworks";
				PRODUCT_BUNDLE_IDENTIFIER = okui.nttr.TimeAtack;
				PRODUCT_NAME = "$(TARGET_NAME)";
				SWIFT_VERSION = 3.0;
			};
			name = Debug;
		};
		ABC050FD1F17019D001B7A51 /* Release */ = {
			isa = XCBuildConfiguration;
			buildSettings = {
				ASSETCATALOG_COMPILER_APPICON_NAME = AppIcon;
				INFOPLIST_FILE = TimeAtack/Info.plist;
				LD_RUNPATH_SEARCH_PATHS = "$(inherited) @executable_path/Frameworks";
				PRODUCT_BUNDLE_IDENTIFIER = okui.nttr.TimeAtack;
				PRODUCT_NAME = "$(TARGET_NAME)";
				SWIFT_VERSION = 3.0;
			};
			name = Release;
		};
/* End XCBuildConfiguration section */

/* Begin XCConfigurationList section */
		ABC050E41F17019D001B7A51 /* Build configuration list for PBXProject "TimeAtack" */ = {
			isa = XCConfigurationList;
			buildConfigurations = (
				ABC050F91F17019D001B7A51 /* Debug */,
				ABC050FA1F17019D001B7A51 /* Release */,
			);
			defaultConfigurationIsVisible = 0;
			defaultConfigurationName = Release;
		};
		ABC050FB1F17019D001B7A51 /* Build configuration list for PBXNativeTarget "TimeAtack" */ = {
			isa = XCConfigurationList;
			buildConfigurations = (
				ABC050FC1F17019D001B7A51 /* Debug */,
				ABC050FD1F17019D001B7A51 /* Release */,
			);
			defaultConfigurationIsVisible = 0;
		};
/* End XCConfigurationList section */
	};
	rootObject = ABC050E11F17019D001B7A51 /* Project object */;
}
